
Microsoft Visual Studio Solution File, Format Version 12.00
# Visual Studio Version 16
VisualStudioVersion = 16.0.32929.386
MinimumVisualStudioVersion = 10.0.40219.1
Project("{C9674DCB-5085-4A16-B785-4C70DD1589BD}") = "SSIS Tutorial", "SSIS Tutorial.dtproj", "{81E5CC1B-F9F3-4043-9C8B-840E3BCF370A}"
EndProject
Global
	GlobalSection(SolutionConfigurationPlatforms) = preSolution
		Development|Default = Development|Default
	EndGlobalSection
	GlobalSection(ProjectConfigurationPlatforms) = postSolution
		{81E5CC1B-F9F3-4043-9C8B-840E3BCF370A}.Development|Default.ActiveCfg = Development
		{81E5CC1B-F9F3-4043-9C8B-840E3BCF370A}.Development|Default.Build.0 = Development
	EndGlobalSection
	GlobalSection(SolutionProperties) = preSolution
		HideSolutionNode = FALSE
	EndGlobalSection
	GlobalSection(ExtensibilityGlobals) = postSolution
		SolutionGuid = {83480747-D513-4BE5-B303-0DB9675A6EBA}
	EndGlobalSection
EndGlobal
